version = 1
revision = 3
requires-python = ">=3.8"
resolution-markers = [
    "python_full_version >= '3.9'",
    "python_full_version < '3.9'",
]

[[package]]
name = "narwhals"
version = "1.42.1"
source = { registry = "https://pypi.org/simple" }
resolution-markers = [
    "python_full_version < '3.9'",
]
sdist = { url = "https://files.pythonhosted.org/packages/df/d6/168a787b7800d6c89846b791e4f5ee6b94998a80c8c2838a019d3d71984d/narwhals-1.42.1.tar.gz", hash = "sha256:50a5635b11aeda98cf9c37e839fd34b0a24159f59a4dfae930290ad698320494", size = 492865, upload-time = "2025-06-12T15:15:13.222Z" }
wheels = [
    { url = "https://files.pythonhosted.org/packages/79/3f/8d450588206b437dd239a6d44230c63095e71135bd95d5a74347d07adbd5/narwhals-1.42.1-py3-none-any.whl", hash = "sha256:7a270d44b94ccdb277a799ae890c42e8504c537c1849f195eb14717c6184977a", size = 359888, upload-time = "2025-06-12T15:15:11.643Z" },
]

[[package]]
name = "narwhals"
version = "2.4.0"
source = { registry = "https://pypi.org/simple" }
resolution-markers = [
    "python_full_version >= '3.9'",
]
sdist = { url = "https://files.pythonhosted.org/packages/ec/8f/b0a99455f6e5fe2d4e77deeee8b133cfa06e1f5441c77a70defdbbfbf639/narwhals-2.4.0.tar.gz", hash = "sha256:a71931f7fb3c8e082cbe18ef0740644d87d60eba841ddfa9ba9394de1d43062f", size = 556886, upload-time = "2025-09-08T13:17:36.732Z" }
wheels = [
    { url = "https://files.pythonhosted.org/packages/8a/8c/ac6f6bd2d118ac49e1bc0285e401c1dc50cf878d48156bbc7969902703b0/narwhals-2.4.0-py3-none-any.whl", hash = "sha256:06d958b03e3e3725ae16feee6737b4970991bb52e8465ef75f388c574732ac59", size = 406233, upload-time = "2025-09-08T13:17:35.071Z" },
]

[[package]]
name = "packaging"
version = "25.0"
source = { registry = "https://pypi.org/simple" }
sdist = { url = "https://files.pythonhosted.org/packages/a1/d4/1fc4078c65507b51b96ca8f8c3ba19e6a61c8253c72794544580a7b6c24d/packaging-25.0.tar.gz", hash = "sha256:d443872c98d677bf60f6a1f2f8c1cb748e8fe762d2bf9d3148b5599295b0fc4f", size = 165727, upload-time = "2025-04-19T11:48:59.673Z" }
wheels = [
    { url = "https://files.pythonhosted.org/packages/20/12/38679034af332785aac8774540895e234f4d07f7545804097de4b666afd8/packaging-25.0-py3-none-any.whl", hash = "sha256:29572ef2b1f17581046b3a2227d5c611fb25ec70ca1ba8554b24b0e69331a484", size = 66469, upload-time = "2025-04-19T11:48:57.875Z" },
]

[[package]]
name = "plotly"
version = "6.3.0"
source = { registry = "https://pypi.org/simple" }
dependencies = [
    { name = "narwhals", version = "1.42.1", source = { registry = "https://pypi.org/simple" }, marker = "python_full_version < '3.9'" },
    { name = "narwhals", version = "2.4.0", source = { registry = "https://pypi.org/simple" }, marker = "python_full_version >= '3.9'" },
    { name = "packaging" },
]
sdist = { url = "https://files.pythonhosted.org/packages/a0/64/850de5076f4436410e1ce4f6a69f4313ef6215dfea155f3f6559335cad29/plotly-6.3.0.tar.gz", hash = "sha256:8840a184d18ccae0f9189c2b9a2943923fd5cae7717b723f36eef78f444e5a73", size = 6923926, upload-time = "2025-08-12T20:22:14.127Z" }
wheels = [
    { url = "https://files.pythonhosted.org/packages/95/a9/12e2dc726ba1ba775a2c6922d5d5b4488ad60bdab0888c337c194c8e6de8/plotly-6.3.0-py3-none-any.whl", hash = "sha256:7ad806edce9d3cdd882eaebaf97c0c9e252043ed1ed3d382c3e3520ec07806d4", size = 9791257, upload-time = "2025-08-12T20:22:09.205Z" },
]

[[package]]
name = "streamlit"
version = "0.1.0"
source = { editable = "." }
dependencies = [
    { name = "plotly" },
]

[package.metadata]
requires-dist = [
    { name = "plotly" },
    { name = "streamlit" },
]
